
Microsoft Visual Studio Solution File, Format Version 12.00
# Visual Studio Version 17
VisualStudioVersion = 17.3.32825.248
MinimumVisualStudioVersion = 10.0.40219.1
Project("{9A19103F-16F7-4668-BE54-9A1E7A4F7556}") = "LearningDiary.Web", "LearningDiary.Web\LearningDiary.Web.csproj", "{E087548A-FEFF-453B-9841-2B64A5F92AD5}"
EndProject
Project("{9A19103F-16F7-4668-BE54-9A1E7A4F7556}") = "LearningDiary.API", "LearningDiary.API\LearningDiary.API.csproj", "{8C8C2C92-F595-440D-A394-8AFF0FCE975E}"
EndProject
Project("{E53339B2-1760-4266-BCC7-CA923CBCF16C}") = "docker-compose", "docker-compose.dcproj", "{AD8816E0-6D2A-4330-A697-7F9CD12297E0}"
EndProject
Global
	GlobalSection(SolutionConfigurationPlatforms) = preSolution
		Debug|Any CPU = Debug|Any CPU
		Release|Any CPU = Release|Any CPU
	EndGlobalSection
	GlobalSection(ProjectConfigurationPlatforms) = postSolution
		{E087548A-FEFF-453B-9841-2B64A5F92AD5}.Debug|Any CPU.ActiveCfg = Debug|Any CPU
		{E087548A-FEFF-453B-9841-2B64A5F92AD5}.Debug|Any CPU.Build.0 = Debug|Any CPU
		{E087548A-FEFF-453B-9841-2B64A5F92AD5}.Release|Any CPU.ActiveCfg = Release|Any CPU
		{E087548A-FEFF-453B-9841-2B64A5F92AD5}.Release|Any CPU.Build.0 = Release|Any CPU
		{8C8C2C92-F595-440D-A394-8AFF0FCE975E}.Debug|Any CPU.ActiveCfg = Debug|Any CPU
		{8C8C2C92-F595-440D-A394-8AFF0FCE975E}.Debug|Any CPU.Build.0 = Debug|Any CPU
		{8C8C2C92-F595-440D-A394-8AFF0FCE975E}.Release|Any CPU.ActiveCfg = Release|Any CPU
		{8C8C2C92-F595-440D-A394-8AFF0FCE975E}.Release|Any CPU.Build.0 = Release|Any CPU
		{AD8816E0-6D2A-4330-A697-7F9CD12297E0}.Debug|Any CPU.ActiveCfg = Debug|Any CPU
		{AD8816E0-6D2A-4330-A697-7F9CD12297E0}.Debug|Any CPU.Build.0 = Debug|Any CPU
		{AD8816E0-6D2A-4330-A697-7F9CD12297E0}.Release|Any CPU.ActiveCfg = Release|Any CPU
		{AD8816E0-6D2A-4330-A697-7F9CD12297E0}.Release|Any CPU.Build.0 = Release|Any CPU
	EndGlobalSection
	GlobalSection(SolutionProperties) = preSolution
		HideSolutionNode = FALSE
	EndGlobalSection
	GlobalSection(ExtensibilityGlobals) = postSolution
		SolutionGuid = {4BC1D01D-6DA3-40FE-A378-30D25110E2B9}
	EndGlobalSection
EndGlobal
